
Microsoft Visual Studio Solution File, Format Version 12.00
# Visual Studio Version 17
VisualStudioVersion = 17.14.36518.9 d17.14
MinimumVisualStudioVersion = 10.0.40219.1
Project("{FAE04EC0-301F-11D3-BF4B-00C04F79EFBC}") = "Interface Casting Operator Overloading Static Extension", "Interface Casting Operator Overloading Static Extension\Interface Casting Operator Overloading Static Extension.csproj", "{733F083B-E839-4EFE-BFBF-1D9AD6AE7A49}"
EndProject
Global
	GlobalSection(SolutionConfigurationPlatforms) = preSolution
		Debug|Any CPU = Debug|Any CPU
		Release|Any CPU = Release|Any CPU
	EndGlobalSection
	GlobalSection(ProjectConfigurationPlatforms) = postSolution
		{733F083B-E839-4EFE-BFBF-1D9AD6AE7A49}.Debug|Any CPU.ActiveCfg = Debug|Any CPU
		{733F083B-E839-4EFE-BFBF-1D9AD6AE7A49}.Debug|Any CPU.Build.0 = Debug|Any CPU
		{733F083B-E839-4EFE-BFBF-1D9AD6AE7A49}.Release|Any CPU.ActiveCfg = Release|Any CPU
		{733F083B-E839-4EFE-BFBF-1D9AD6AE7A49}.Release|Any CPU.Build.0 = Release|Any CPU
	EndGlobalSection
	GlobalSection(SolutionProperties) = preSolution
		HideSolutionNode = FALSE
	EndGlobalSection
	GlobalSection(ExtensibilityGlobals) = postSolution
		SolutionGuid = {956FFFAB-2767-4104-B2FA-2F0DFE01CC1A}
	EndGlobalSection
EndGlobal
